
Microsoft Visual Studio Solution File, Format Version 12.00
# Visual Studio Version 16
VisualStudioVersion = 16.0.33328.57
MinimumVisualStudioVersion = 10.0.40219.1
Project("{9A19103F-16F7-4668-BE54-9A1E7A4F7556}") = "Pkmvp.Api", "Pkmvp.Api.csproj", "{D0CA677D-91A4-4138-8589-8464BD71BC57}"
EndProject
Global
	GlobalSection(SolutionConfigurationPlatforms) = preSolution
		Debug|Any CPU = Debug|Any CPU
		Release|Any CPU = Release|Any CPU
	EndGlobalSection
	GlobalSection(ProjectConfigurationPlatforms) = postSolution
		{D0CA677D-91A4-4138-8589-8464BD71BC57}.Debug|Any CPU.ActiveCfg = Debug|Any CPU
		{D0CA677D-91A4-4138-8589-8464BD71BC57}.Debug|Any CPU.Build.0 = Debug|Any CPU
		{D0CA677D-91A4-4138-8589-8464BD71BC57}.Release|Any CPU.ActiveCfg = Release|Any CPU
		{D0CA677D-91A4-4138-8589-8464BD71BC57}.Release|Any CPU.Build.0 = Release|Any CPU
	EndGlobalSection
	GlobalSection(SolutionProperties) = preSolution
		HideSolutionNode = FALSE
	EndGlobalSection
	GlobalSection(ExtensibilityGlobals) = postSolution
		SolutionGuid = {1E2F653A-FB7D-4AAB-8DDB-3984D7436FD3}
	EndGlobalSection
EndGlobal
